
Microsoft Visual Studio Solution File, Format Version 12.00
# Visual Studio 2013
VisualStudioVersion = 12.0.40629.0
MinimumVisualStudioVersion = 10.0.40219.1
Project("{FAE04EC0-301F-11D3-BF4B-00C04F79EFBC}") = "Ebuy.Website", "Ebuy.Website\Ebuy.Website.csproj", "{9501E5D5-DF58-4889-B415-7A288935580F}"
EndProject
Project("{FAE04EC0-301F-11D3-BF4B-00C04F79EFBC}") = "Ebuy.Website.Tests", "Ebuy.Website.Tests\Ebuy.Website.Tests.csproj", "{A29F0C2A-D53E-4220-8071-295C198650B2}"
EndProject
Project("{FAE04EC0-301F-11D3-BF4B-00C04F79EFBC}") = "Ebuy.Common", "Ebuy.Common\Ebuy.Common.csproj", "{95B25D26-55F3-4F71-8C9C-1FCEA1EFF174}"
EndProject
Global
	GlobalSection(SolutionConfigurationPlatforms) = preSolution
		Debug|Any CPU = Debug|Any CPU
		Release|Any CPU = Release|Any CPU
	EndGlobalSection
	GlobalSection(ProjectConfigurationPlatforms) = postSolution
		{9501E5D5-DF58-4889-B415-7A288935580F}.Debug|Any CPU.ActiveCfg = Debug|Any CPU
		{9501E5D5-DF58-4889-B415-7A288935580F}.Debug|Any CPU.Build.0 = Debug|Any CPU
		{9501E5D5-DF58-4889-B415-7A288935580F}.Release|Any CPU.ActiveCfg = Release|Any CPU
		{9501E5D5-DF58-4889-B415-7A288935580F}.Release|Any CPU.Build.0 = Release|Any CPU
		{A29F0C2A-D53E-4220-8071-295C198650B2}.Debug|Any CPU.ActiveCfg = Debug|Any CPU
		{A29F0C2A-D53E-4220-8071-295C198650B2}.Debug|Any CPU.Build.0 = Debug|Any CPU
		{A29F0C2A-D53E-4220-8071-295C198650B2}.Release|Any CPU.ActiveCfg = Release|Any CPU
		{A29F0C2A-D53E-4220-8071-295C198650B2}.Release|Any CPU.Build.0 = Release|Any CPU
		{95B25D26-55F3-4F71-8C9C-1FCEA1EFF174}.Debug|Any CPU.ActiveCfg = Debug|Any CPU
		{95B25D26-55F3-4F71-8C9C-1FCEA1EFF174}.Debug|Any CPU.Build.0 = Debug|Any CPU
		{95B25D26-55F3-4F71-8C9C-1FCEA1EFF174}.Release|Any CPU.ActiveCfg = Release|Any CPU
		{95B25D26-55F3-4F71-8C9C-1FCEA1EFF174}.Release|Any CPU.Build.0 = Release|Any CPU
	EndGlobalSection
	GlobalSection(SolutionProperties) = preSolution
		HideSolutionNode = FALSE
	EndGlobalSection
EndGlobal
